
Microsoft Visual Studio Solution File, Format Version 12.00
# Visual Studio Version 16
VisualStudioVersion = 16.0.31025.218
MinimumVisualStudioVersion = 10.0.40219.1
Project("{FAE04EC0-301F-11D3-BF4B-00C04F79EFBC}") = "RelativeSourceTestApp", "RelativeSourceTestApp.csproj", "{3CDC6532-EABD-4185-9F85-015F4A399C43}"
EndProject
Global
	GlobalSection(SolutionConfigurationPlatforms) = preSolution
		Debug|Any CPU = Debug|Any CPU
		Release|Any CPU = Release|Any CPU
	EndGlobalSection
	GlobalSection(ProjectConfigurationPlatforms) = postSolution
		{3CDC6532-EABD-4185-9F85-015F4A399C43}.Debug|Any CPU.ActiveCfg = Debug|Any CPU
		{3CDC6532-EABD-4185-9F85-015F4A399C43}.Debug|Any CPU.Build.0 = Debug|Any CPU
		{3CDC6532-EABD-4185-9F85-015F4A399C43}.Release|Any CPU.ActiveCfg = Release|Any CPU
		{3CDC6532-EABD-4185-9F85-015F4A399C43}.Release|Any CPU.Build.0 = Release|Any CPU
	EndGlobalSection
	GlobalSection(SolutionProperties) = preSolution
		HideSolutionNode = FALSE
	EndGlobalSection
	GlobalSection(ExtensibilityGlobals) = postSolution
		SolutionGuid = {CF6F8F48-8865-48CD-84BB-9F686137E881}
	EndGlobalSection
EndGlobal
