
Microsoft Visual Studio Solution File, Format Version 12.00
# Visual Studio Version 16
VisualStudioVersion = 16.0.30406.217
MinimumVisualStudioVersion = 10.0.40219.1
Project("{FAE04EC0-301F-11D3-BF4B-00C04F79EFBC}") = "TextBlockTriggerSample", "TextBlockTriggerSample\TextBlockTriggerSample.csproj", "{EAFBC3E7-F325-433C-A491-6E8C562E08CE}"
EndProject
Global
	GlobalSection(SolutionConfigurationPlatforms) = preSolution
		Debug|Any CPU = Debug|Any CPU
		Release|Any CPU = Release|Any CPU
	EndGlobalSection
	GlobalSection(ProjectConfigurationPlatforms) = postSolution
		{EAFBC3E7-F325-433C-A491-6E8C562E08CE}.Debug|Any CPU.ActiveCfg = Debug|Any CPU
		{EAFBC3E7-F325-433C-A491-6E8C562E08CE}.Debug|Any CPU.Build.0 = Debug|Any CPU
		{EAFBC3E7-F325-433C-A491-6E8C562E08CE}.Release|Any CPU.ActiveCfg = Release|Any CPU
		{EAFBC3E7-F325-433C-A491-6E8C562E08CE}.Release|Any CPU.Build.0 = Release|Any CPU
	EndGlobalSection
	GlobalSection(SolutionProperties) = preSolution
		HideSolutionNode = FALSE
	EndGlobalSection
	GlobalSection(ExtensibilityGlobals) = postSolution
		SolutionGuid = {9A045E81-D7D9-415F-A366-DAA670059E91}
	EndGlobalSection
EndGlobal
