
Microsoft Visual Studio Solution File, Format Version 12.00
# Visual Studio Version 16
VisualStudioVersion = 16.0.31025.218
MinimumVisualStudioVersion = 10.0.40219.1
Project("{FAE04EC0-301F-11D3-BF4B-00C04F79EFBC}") = "ListBoxItemAnimationExample", "ListBoxItemAnimationExample\ListBoxItemAnimationExample.csproj", "{F8BA2C1C-745D-433E-BE49-9C61E8D69633}"
EndProject
Global
	GlobalSection(SolutionConfigurationPlatforms) = preSolution
		Debug|Any CPU = Debug|Any CPU
		Release|Any CPU = Release|Any CPU
	EndGlobalSection
	GlobalSection(ProjectConfigurationPlatforms) = postSolution
		{F8BA2C1C-745D-433E-BE49-9C61E8D69633}.Debug|Any CPU.ActiveCfg = Debug|Any CPU
		{F8BA2C1C-745D-433E-BE49-9C61E8D69633}.Debug|Any CPU.Build.0 = Debug|Any CPU
		{F8BA2C1C-745D-433E-BE49-9C61E8D69633}.Release|Any CPU.ActiveCfg = Release|Any CPU
		{F8BA2C1C-745D-433E-BE49-9C61E8D69633}.Release|Any CPU.Build.0 = Release|Any CPU
	EndGlobalSection
	GlobalSection(SolutionProperties) = preSolution
		HideSolutionNode = FALSE
	EndGlobalSection
	GlobalSection(ExtensibilityGlobals) = postSolution
		SolutionGuid = {AD57171E-3D8B-4B4E-8D46-FD17727330DE}
	EndGlobalSection
EndGlobal
