
Microsoft Visual Studio Solution File, Format Version 12.00
# Visual Studio Version 16
VisualStudioVersion = 16.0.30803.129
MinimumVisualStudioVersion = 10.0.40219.1
Project("{FAE04EC0-301F-11D3-BF4B-00C04F79EFBC}") = "CalendarDemo.Basic", "CalendarDemo.Basic\CalendarDemo.Basic.csproj", "{51A4AE96-CDFD-4858-8378-C870BD90C7A5}"
EndProject
Project("{FAE04EC0-301F-11D3-BF4B-00C04F79EFBC}") = "CalendarCore", "CalendarCore\CalendarCore.csproj", "{85559559-030E-44D2-9CCD-82CF0C9DF2FD}"
EndProject
Global
	GlobalSection(SolutionConfigurationPlatforms) = preSolution
		Debug|Any CPU = Debug|Any CPU
		Release|Any CPU = Release|Any CPU
	EndGlobalSection
	GlobalSection(ProjectConfigurationPlatforms) = postSolution
		{51A4AE96-CDFD-4858-8378-C870BD90C7A5}.Debug|Any CPU.ActiveCfg = Debug|Any CPU
		{51A4AE96-CDFD-4858-8378-C870BD90C7A5}.Debug|Any CPU.Build.0 = Debug|Any CPU
		{51A4AE96-CDFD-4858-8378-C870BD90C7A5}.Release|Any CPU.ActiveCfg = Release|Any CPU
		{51A4AE96-CDFD-4858-8378-C870BD90C7A5}.Release|Any CPU.Build.0 = Release|Any CPU
		{85559559-030E-44D2-9CCD-82CF0C9DF2FD}.Debug|Any CPU.ActiveCfg = Debug|Any CPU
		{85559559-030E-44D2-9CCD-82CF0C9DF2FD}.Debug|Any CPU.Build.0 = Debug|Any CPU
		{85559559-030E-44D2-9CCD-82CF0C9DF2FD}.Release|Any CPU.ActiveCfg = Release|Any CPU
		{85559559-030E-44D2-9CCD-82CF0C9DF2FD}.Release|Any CPU.Build.0 = Release|Any CPU
	EndGlobalSection
	GlobalSection(SolutionProperties) = preSolution
		HideSolutionNode = FALSE
	EndGlobalSection
	GlobalSection(ExtensibilityGlobals) = postSolution
		SolutionGuid = {12240ED6-47AB-417E-8A3C-9EEC2675E19A}
	EndGlobalSection
EndGlobal
