
Microsoft Visual Studio Solution File, Format Version 12.00
# Visual Studio Version 16
VisualStudioVersion = 16.0.31025.218
MinimumVisualStudioVersion = 10.0.40219.1
Project("{FAE04EC0-301F-11D3-BF4B-00C04F79EFBC}") = "ListBoxBindingSample", "ListBoxBindingSample\ListBoxBindingSample.csproj", "{2B3ECA6F-E248-4B13-B3E4-F8F7E65C8978}"
EndProject
Global
	GlobalSection(SolutionConfigurationPlatforms) = preSolution
		Debug|Any CPU = Debug|Any CPU
		Release|Any CPU = Release|Any CPU
	EndGlobalSection
	GlobalSection(ProjectConfigurationPlatforms) = postSolution
		{2B3ECA6F-E248-4B13-B3E4-F8F7E65C8978}.Debug|Any CPU.ActiveCfg = Debug|Any CPU
		{2B3ECA6F-E248-4B13-B3E4-F8F7E65C8978}.Debug|Any CPU.Build.0 = Debug|Any CPU
		{2B3ECA6F-E248-4B13-B3E4-F8F7E65C8978}.Release|Any CPU.ActiveCfg = Release|Any CPU
		{2B3ECA6F-E248-4B13-B3E4-F8F7E65C8978}.Release|Any CPU.Build.0 = Release|Any CPU
	EndGlobalSection
	GlobalSection(SolutionProperties) = preSolution
		HideSolutionNode = FALSE
	EndGlobalSection
	GlobalSection(ExtensibilityGlobals) = postSolution
		SolutionGuid = {28B2753A-26A4-42BD-B01D-FF8C1DE0712E}
	EndGlobalSection
EndGlobal
